
Microsoft Visual Studio Solution File, Format Version 12.00
# Visual Studio Version 17
VisualStudioVersion = 17.3.32901.215
MinimumVisualStudioVersion = 10.0.40219.1
Project("{9A19103F-16F7-4668-BE54-9A1E7A4F7556}") = "IngestionManager.Mapped", "src\IngestionManager.Mapped.csproj", "{9F294C3C-F53C-45D0-A2C3-915E533D3251}"
EndProject
Project("{9A19103F-16F7-4668-BE54-9A1E7A4F7556}") = "IngestionManager.Mapped.Test", "test\IngestionManager.Mapped.Test.csproj", "{4E57211B-EE35-43EE-933B-30637296E5E3}"
EndProject
Project("{2150E333-8FDC-42A3-9474-1A3956D46DE8}") = "Solution Items", "Solution Items", "{FD42DB4B-FD15-47C8-BF53-F1BC5CFB74AD}"
	ProjectSection(SolutionItems) = preProject
		README.md = README.md
	EndProjectSection
EndProject
Global
	GlobalSection(SolutionConfigurationPlatforms) = preSolution
		Debug|Any CPU = Debug|Any CPU
		Release|Any CPU = Release|Any CPU
	EndGlobalSection
	GlobalSection(ProjectConfigurationPlatforms) = postSolution
		{9F294C3C-F53C-45D0-A2C3-915E533D3251}.Debug|Any CPU.ActiveCfg = Debug|Any CPU
		{9F294C3C-F53C-45D0-A2C3-915E533D3251}.Debug|Any CPU.Build.0 = Debug|Any CPU
		{9F294C3C-F53C-45D0-A2C3-915E533D3251}.Release|Any CPU.ActiveCfg = Release|Any CPU
		{9F294C3C-F53C-45D0-A2C3-915E533D3251}.Release|Any CPU.Build.0 = Release|Any CPU
		{4E57211B-EE35-43EE-933B-30637296E5E3}.Debug|Any CPU.ActiveCfg = Debug|Any CPU
		{4E57211B-EE35-43EE-933B-30637296E5E3}.Debug|Any CPU.Build.0 = Debug|Any CPU
		{4E57211B-EE35-43EE-933B-30637296E5E3}.Release|Any CPU.ActiveCfg = Release|Any CPU
		{4E57211B-EE35-43EE-933B-30637296E5E3}.Release|Any CPU.Build.0 = Release|Any CPU
	EndGlobalSection
	GlobalSection(SolutionProperties) = preSolution
		HideSolutionNode = FALSE
	EndGlobalSection
	GlobalSection(ExtensibilityGlobals) = postSolution
		SolutionGuid = {CC8594A1-0855-4D03-80EC-E5A3C1BCAD02}
	EndGlobalSection
EndGlobal
