
Microsoft Visual Studio Solution File, Format Version 12.00
# Visual Studio Version 17
VisualStudioVersion = 17.3.32901.215
MinimumVisualStudioVersion = 10.0.40219.1
Project("{9A19103F-16F7-4668-BE54-9A1E7A4F7556}") = "OntologyMapper.Mapped", "src\OntologyMapper.Mapped.csproj", "{68BD0B27-56BD-4CDE-BC53-2D03CC837E3A}"
EndProject
Project("{9A19103F-16F7-4668-BE54-9A1E7A4F7556}") = "OntologyMapper.Mapped.Test", "test\OntologyMapper.Mapped.Test.csproj", "{2A09882D-D7AF-4543-8E4D-58B794D17BC5}"
EndProject
Global
	GlobalSection(SolutionConfigurationPlatforms) = preSolution
		Debug|Any CPU = Debug|Any CPU
		Release|Any CPU = Release|Any CPU
	EndGlobalSection
	GlobalSection(ProjectConfigurationPlatforms) = postSolution
		{68BD0B27-56BD-4CDE-BC53-2D03CC837E3A}.Debug|Any CPU.ActiveCfg = Debug|Any CPU
		{68BD0B27-56BD-4CDE-BC53-2D03CC837E3A}.Debug|Any CPU.Build.0 = Debug|Any CPU
		{68BD0B27-56BD-4CDE-BC53-2D03CC837E3A}.Release|Any CPU.ActiveCfg = Release|Any CPU
		{68BD0B27-56BD-4CDE-BC53-2D03CC837E3A}.Release|Any CPU.Build.0 = Release|Any CPU
		{2A09882D-D7AF-4543-8E4D-58B794D17BC5}.Debug|Any CPU.ActiveCfg = Debug|Any CPU
		{2A09882D-D7AF-4543-8E4D-58B794D17BC5}.Debug|Any CPU.Build.0 = Debug|Any CPU
		{2A09882D-D7AF-4543-8E4D-58B794D17BC5}.Release|Any CPU.ActiveCfg = Release|Any CPU
		{2A09882D-D7AF-4543-8E4D-58B794D17BC5}.Release|Any CPU.Build.0 = Release|Any CPU
	EndGlobalSection
	GlobalSection(SolutionProperties) = preSolution
		HideSolutionNode = FALSE
	EndGlobalSection
	GlobalSection(ExtensibilityGlobals) = postSolution
		SolutionGuid = {B1453BD8-703C-4228-A187-7BD21633909C}
	EndGlobalSection
EndGlobal
