
Microsoft Visual Studio Solution File, Format Version 12.00
# Visual Studio Version 17
VisualStudioVersion = 17.3.32929.385
MinimumVisualStudioVersion = 10.0.40219.1
Project("{9A19103F-16F7-4668-BE54-9A1E7A4F7556}") = "Telemetry", "src\Telemetry.csproj", "{4FFABDC2-FB49-4B45-8F98-EC362B71D032}"
EndProject
Global
	GlobalSection(SolutionConfigurationPlatforms) = preSolution
		Debug|Any CPU = Debug|Any CPU
		Release|Any CPU = Release|Any CPU
	EndGlobalSection
	GlobalSection(ProjectConfigurationPlatforms) = postSolution
		{4FFABDC2-FB49-4B45-8F98-EC362B71D032}.Debug|Any CPU.ActiveCfg = Debug|Any CPU
		{4FFABDC2-FB49-4B45-8F98-EC362B71D032}.Debug|Any CPU.Build.0 = Debug|Any CPU
		{4FFABDC2-FB49-4B45-8F98-EC362B71D032}.Release|Any CPU.ActiveCfg = Release|Any CPU
		{4FFABDC2-FB49-4B45-8F98-EC362B71D032}.Release|Any CPU.Build.0 = Release|Any CPU
	EndGlobalSection
	GlobalSection(SolutionProperties) = preSolution
		HideSolutionNode = FALSE
	EndGlobalSection
	GlobalSection(ExtensibilityGlobals) = postSolution
		SolutionGuid = {4DBE73FB-F375-4541-B808-CB40FD065ECF}
	EndGlobalSection
EndGlobal
